
Microsoft Visual Studio Solution File, Format Version 12.00
# Visual Studio 14
VisualStudioVersion = 14.0.25420.1
MinimumVisualStudioVersion = 10.0.40219.1
Project("{FAE04EC0-301F-11D3-BF4B-00C04F79EFBC}") = "TicTacToe", "TicTacToe\TicTacToe.csproj", "{73228740-979E-4637-940E-0FDA4564DC0D}"
EndProject
Project("{FAE04EC0-301F-11D3-BF4B-00C04F79EFBC}") = "TTTStatisticsServer", "TTTStatisticsServer\TTTStatisticsServer.csproj", "{D6480C95-7C06-48AC-98A4-1D38F66C97C9}"
EndProject
Global
	GlobalSection(SolutionConfigurationPlatforms) = preSolution
		Debug|Any CPU = Debug|Any CPU
		Release|Any CPU = Release|Any CPU
	EndGlobalSection
	GlobalSection(ProjectConfigurationPlatforms) = postSolution
		{73228740-979E-4637-940E-0FDA4564DC0D}.Debug|Any CPU.ActiveCfg = Debug|Any CPU
		{73228740-979E-4637-940E-0FDA4564DC0D}.Debug|Any CPU.Build.0 = Debug|Any CPU
		{73228740-979E-4637-940E-0FDA4564DC0D}.Release|Any CPU.ActiveCfg = Release|Any CPU
		{73228740-979E-4637-940E-0FDA4564DC0D}.Release|Any CPU.Build.0 = Release|Any CPU
		{D6480C95-7C06-48AC-98A4-1D38F66C97C9}.Debug|Any CPU.ActiveCfg = Debug|Any CPU
		{D6480C95-7C06-48AC-98A4-1D38F66C97C9}.Debug|Any CPU.Build.0 = Debug|Any CPU
		{D6480C95-7C06-48AC-98A4-1D38F66C97C9}.Release|Any CPU.ActiveCfg = Release|Any CPU
		{D6480C95-7C06-48AC-98A4-1D38F66C97C9}.Release|Any CPU.Build.0 = Release|Any CPU
	EndGlobalSection
	GlobalSection(SolutionProperties) = preSolution
		HideSolutionNode = FALSE
	EndGlobalSection
EndGlobal
